
Microsoft Visual Studio Solution File, Format Version 12.00
# Visual Studio Version 17
VisualStudioVersion = 17.0.32112.339
MinimumVisualStudioVersion = 10.0.40219.1
Project("{FAE04EC0-301F-11D3-BF4B-00C04F79EFBC}") = "Cash Register", "Cash Register\Cash Register.csproj", "{532376E7-1178-4B6F-A2CF-2AD542F46F4B}"
EndProject
Global
	GlobalSection(SolutionConfigurationPlatforms) = preSolution
		Debug|Any CPU = Debug|Any CPU
		Release|Any CPU = Release|Any CPU
	EndGlobalSection
	GlobalSection(ProjectConfigurationPlatforms) = postSolution
		{532376E7-1178-4B6F-A2CF-2AD542F46F4B}.Debug|Any CPU.ActiveCfg = Debug|Any CPU
		{532376E7-1178-4B6F-A2CF-2AD542F46F4B}.Debug|Any CPU.Build.0 = Debug|Any CPU
		{532376E7-1178-4B6F-A2CF-2AD542F46F4B}.Release|Any CPU.ActiveCfg = Release|Any CPU
		{532376E7-1178-4B6F-A2CF-2AD542F46F4B}.Release|Any CPU.Build.0 = Release|Any CPU
	EndGlobalSection
	GlobalSection(SolutionProperties) = preSolution
		HideSolutionNode = FALSE
	EndGlobalSection
	GlobalSection(ExtensibilityGlobals) = postSolution
		SolutionGuid = {4A7FB301-76D6-41FC-B746-39768A64C551}
	EndGlobalSection
EndGlobal
